
Microsoft Visual Studio Solution File, Format Version 12.00
# Visual Studio 15
VisualStudioVersion = 15.0.27703.2018
MinimumVisualStudioVersion = 10.0.40219.1
Project("{FAE04EC0-301F-11D3-BF4B-00C04F79EFBC}") = "ECuadratica.Android", "ECuadratica\ECuadratica.Android\ECuadratica.Android.csproj", "{482F9A4A-2274-45B7-B720-C36A61C0E217}"
EndProject
Project("{FAE04EC0-301F-11D3-BF4B-00C04F79EFBC}") = "ECuadratica.iOS", "ECuadratica\ECuadratica.iOS\ECuadratica.iOS.csproj", "{8E2DB12A-84C3-4D37-89FD-5D8ACA14C755}"
EndProject
Project("{FAE04EC0-301F-11D3-BF4B-00C04F79EFBC}") = "ECuadratica", "ECuadratica\ECuadratica\ECuadratica.csproj", "{5AFE213B-BD7C-4631-9C7C-843CBB0FD9B5}"
EndProject
Global
	GlobalSection(SolutionConfigurationPlatforms) = preSolution
		Ad-Hoc|Any CPU = Ad-Hoc|Any CPU
		Ad-Hoc|iPhone = Ad-Hoc|iPhone
		Ad-Hoc|iPhoneSimulator = Ad-Hoc|iPhoneSimulator
		AppStore|Any CPU = AppStore|Any CPU
		AppStore|iPhone = AppStore|iPhone
		AppStore|iPhoneSimulator = AppStore|iPhoneSimulator
		Debug|Any CPU = Debug|Any CPU
		Debug|iPhone = Debug|iPhone
		Debug|iPhoneSimulator = Debug|iPhoneSimulator
		Release|Any CPU = Release|Any CPU
		Release|iPhone = Release|iPhone
		Release|iPhoneSimulator = Release|iPhoneSimulator
	EndGlobalSection
	GlobalSection(ProjectConfigurationPlatforms) = postSolution
		{482F9A4A-2274-45B7-B720-C36A61C0E217}.Ad-Hoc|Any CPU.ActiveCfg = Release|Any CPU
		{482F9A4A-2274-45B7-B720-C36A61C0E217}.Ad-Hoc|Any CPU.Build.0 = Release|Any CPU
		{482F9A4A-2274-45B7-B720-C36A61C0E217}.Ad-Hoc|Any CPU.Deploy.0 = Release|Any CPU
		{482F9A4A-2274-45B7-B720-C36A61C0E217}.Ad-Hoc|iPhone.ActiveCfg = Release|Any CPU
		{482F9A4A-2274-45B7-B720-C36A61C0E217}.Ad-Hoc|iPhone.Build.0 = Release|Any CPU
		{482F9A4A-2274-45B7-B720-C36A61C0E217}.Ad-Hoc|iPhone.Deploy.0 = Release|Any CPU
		{482F9A4A-2274-45B7-B720-C36A61C0E217}.Ad-Hoc|iPhoneSimulator.ActiveCfg = Release|Any CPU
		{482F9A4A-2274-45B7-B720-C36A61C0E217}.Ad-Hoc|iPhoneSimulator.Build.0 = Release|Any CPU
		{482F9A4A-2274-45B7-B720-C36A61C0E217}.Ad-Hoc|iPhoneSimulator.Deploy.0 = Release|Any CPU
		{482F9A4A-2274-45B7-B720-C36A61C0E217}.AppStore|Any CPU.ActiveCfg = Release|Any CPU
		{482F9A4A-2274-45B7-B720-C36A61C0E217}.AppStore|Any CPU.Build.0 = Release|Any CPU
		{482F9A4A-2274-45B7-B720-C36A61C0E217}.AppStore|Any CPU.Deploy.0 = Release|Any CPU
		{482F9A4A-2274-45B7-B720-C36A61C0E217}.AppStore|iPhone.ActiveCfg = Release|Any CPU
		{482F9A4A-2274-45B7-B720-C36A61C0E217}.AppStore|iPhone.Build.0 = Release|Any CPU
		{482F9A4A-2274-45B7-B720-C36A61C0E217}.AppStore|iPhone.Deploy.0 = Release|Any CPU
		{482F9A4A-2274-45B7-B720-C36A61C0E217}.AppStore|iPhoneSimulator.ActiveCfg = Release|Any CPU
		{482F9A4A-2274-45B7-B720-C36A61C0E217}.AppStore|iPhoneSimulator.Build.0 = Release|Any CPU
		{482F9A4A-2274-45B7-B720-C36A61C0E217}.AppStore|iPhoneSimulator.Deploy.0 = Release|Any CPU
		{482F9A4A-2274-45B7-B720-C36A61C0E217}.Debug|Any CPU.ActiveCfg = Debug|Any CPU
		{482F9A4A-2274-45B7-B720-C36A61C0E217}.Debug|Any CPU.Build.0 = Debug|Any CPU
		{482F9A4A-2274-45B7-B720-C36A61C0E217}.Debug|Any CPU.Deploy.0 = Debug|Any CPU
		{482F9A4A-2274-45B7-B720-C36A61C0E217}.Debug|iPhone.ActiveCfg = Debug|Any CPU
		{482F9A4A-2274-45B7-B720-C36A61C0E217}.Debug|iPhone.Build.0 = Debug|Any CPU
		{482F9A4A-2274-45B7-B720-C36A61C0E217}.Debug|iPhone.Deploy.0 = Debug|Any CPU
		{482F9A4A-2274-45B7-B720-C36A61C0E217}.Debug|iPhoneSimulator.ActiveCfg = Debug|Any CPU
		{482F9A4A-2274-45B7-B720-C36A61C0E217}.Debug|iPhoneSimulator.Build.0 = Debug|Any CPU
		{482F9A4A-2274-45B7-B720-C36A61C0E217}.Debug|iPhoneSimulator.Deploy.0 = Debug|Any CPU
		{482F9A4A-2274-45B7-B720-C36A61C0E217}.Release|Any CPU.ActiveCfg = Release|Any CPU
		{482F9A4A-2274-45B7-B720-C36A61C0E217}.Release|Any CPU.Build.0 = Release|Any CPU
		{482F9A4A-2274-45B7-B720-C36A61C0E217}.Release|Any CPU.Deploy.0 = Release|Any CPU
		{482F9A4A-2274-45B7-B720-C36A61C0E217}.Release|iPhone.ActiveCfg = Release|Any CPU
		{482F9A4A-2274-45B7-B720-C36A61C0E217}.Release|iPhone.Build.0 = Release|Any CPU
		{482F9A4A-2274-45B7-B720-C36A61C0E217}.Release|iPhone.Deploy.0 = Release|Any CPU
		{482F9A4A-2274-45B7-B720-C36A61C0E217}.Release|iPhoneSimulator.ActiveCfg = Release|Any CPU
		{482F9A4A-2274-45B7-B720-C36A61C0E217}.Release|iPhoneSimulator.Build.0 = Release|Any CPU
		{482F9A4A-2274-45B7-B720-C36A61C0E217}.Release|iPhoneSimulator.Deploy.0 = Release|Any CPU
		{8E2DB12A-84C3-4D37-89FD-5D8ACA14C755}.Ad-Hoc|Any CPU.ActiveCfg = Ad-Hoc|iPhone
		{8E2DB12A-84C3-4D37-89FD-5D8ACA14C755}.Ad-Hoc|Any CPU.Build.0 = Ad-Hoc|iPhone
		{8E2DB12A-84C3-4D37-89FD-5D8ACA14C755}.Ad-Hoc|Any CPU.Deploy.0 = Ad-Hoc|iPhone
		{8E2DB12A-84C3-4D37-89FD-5D8ACA14C755}.Ad-Hoc|iPhone.ActiveCfg = Ad-Hoc|iPhone
		{8E2DB12A-84C3-4D37-89FD-5D8ACA14C755}.Ad-Hoc|iPhone.Build.0 = Ad-Hoc|iPhone
		{8E2DB12A-84C3-4D37-89FD-5D8ACA14C755}.Ad-Hoc|iPhone.Deploy.0 = Ad-Hoc|iPhone
		{8E2DB12A-84C3-4D37-89FD-5D8ACA14C755}.Ad-Hoc|iPhoneSimulator.ActiveCfg = Ad-Hoc|iPhoneSimulator
		{8E2DB12A-84C3-4D37-89FD-5D8ACA14C755}.Ad-Hoc|iPhoneSimulator.Build.0 = Ad-Hoc|iPhoneSimulator
		{8E2DB12A-84C3-4D37-89FD-5D8ACA14C755}.Ad-Hoc|iPhoneSimulator.Deploy.0 = Ad-Hoc|iPhoneSimulator
		{8E2DB12A-84C3-4D37-89FD-5D8ACA14C755}.AppStore|Any CPU.ActiveCfg = AppStore|iPhone
		{8E2DB12A-84C3-4D37-89FD-5D8ACA14C755}.AppStore|Any CPU.Build.0 = AppStore|iPhone
		{8E2DB12A-84C3-4D37-89FD-5D8ACA14C755}.AppStore|Any CPU.Deploy.0 = AppStore|iPhone
		{8E2DB12A-84C3-4D37-89FD-5D8ACA14C755}.AppStore|iPhone.ActiveCfg = AppStore|iPhone
		{8E2DB12A-84C3-4D37-89FD-5D8ACA14C755}.AppStore|iPhone.Build.0 = AppStore|iPhone
		{8E2DB12A-84C3-4D37-89FD-5D8ACA14C755}.AppStore|iPhone.Deploy.0 = AppStore|iPhone
		{8E2DB12A-84C3-4D37-89FD-5D8ACA14C755}.AppStore|iPhoneSimulator.ActiveCfg = AppStore|iPhoneSimulator
		{8E2DB12A-84C3-4D37-89FD-5D8ACA14C755}.AppStore|iPhoneSimulator.Build.0 = AppStore|iPhoneSimulator
		{8E2DB12A-84C3-4D37-89FD-5D8ACA14C755}.AppStore|iPhoneSimulator.Deploy.0 = AppStore|iPhoneSimulator
		{8E2DB12A-84C3-4D37-89FD-5D8ACA14C755}.Debug|Any CPU.ActiveCfg = Debug|iPhoneSimulator
		{8E2DB12A-84C3-4D37-89FD-5D8ACA14C755}.Debug|Any CPU.Build.0 = Debug|iPhoneSimulator
		{8E2DB12A-84C3-4D37-89FD-5D8ACA14C755}.Debug|Any CPU.Deploy.0 = Debug|iPhoneSimulator
		{8E2DB12A-84C3-4D37-89FD-5D8ACA14C755}.Debug|iPhone.ActiveCfg = Debug|iPhone
		{8E2DB12A-84C3-4D37-89FD-5D8ACA14C755}.Debug|iPhone.Build.0 = Debug|iPhone
		{8E2DB12A-84C3-4D37-89FD-5D8ACA14C755}.Debug|iPhone.Deploy.0 = Debug|iPhone
		{8E2DB12A-84C3-4D37-89FD-5D8ACA14C755}.Debug|iPhoneSimulator.ActiveCfg = Debug|iPhoneSimulator
		{8E2DB12A-84C3-4D37-89FD-5D8ACA14C755}.Debug|iPhoneSimulator.Build.0 = Debug|iPhoneSimulator
		{8E2DB12A-84C3-4D37-89FD-5D8ACA14C755}.Debug|iPhoneSimulator.Deploy.0 = Debug|iPhoneSimulator
		{8E2DB12A-84C3-4D37-89FD-5D8ACA14C755}.Release|Any CPU.ActiveCfg = Release|iPhone
		{8E2DB12A-84C3-4D37-89FD-5D8ACA14C755}.Release|Any CPU.Build.0 = Release|iPhone
		{8E2DB12A-84C3-4D37-89FD-5D8ACA14C755}.Release|Any CPU.Deploy.0 = Release|iPhone
		{8E2DB12A-84C3-4D37-89FD-5D8ACA14C755}.Release|iPhone.ActiveCfg = Release|iPhone
		{8E2DB12A-84C3-4D37-89FD-5D8ACA14C755}.Release|iPhone.Build.0 = Release|iPhone
		{8E2DB12A-84C3-4D37-89FD-5D8ACA14C755}.Release|iPhone.Deploy.0 = Release|iPhone
		{8E2DB12A-84C3-4D37-89FD-5D8ACA14C755}.Release|iPhoneSimulator.ActiveCfg = Release|iPhoneSimulator
		{8E2DB12A-84C3-4D37-89FD-5D8ACA14C755}.Release|iPhoneSimulator.Build.0 = Release|iPhoneSimulator
		{8E2DB12A-84C3-4D37-89FD-5D8ACA14C755}.Release|iPhoneSimulator.Deploy.0 = Release|iPhoneSimulator
		{5AFE213B-BD7C-4631-9C7C-843CBB0FD9B5}.Ad-Hoc|Any CPU.ActiveCfg = Debug|Any CPU
		{5AFE213B-BD7C-4631-9C7C-843CBB0FD9B5}.Ad-Hoc|Any CPU.Build.0 = Debug|Any CPU
		{5AFE213B-BD7C-4631-9C7C-843CBB0FD9B5}.Ad-Hoc|Any CPU.Deploy.0 = Debug|Any CPU
		{5AFE213B-BD7C-4631-9C7C-843CBB0FD9B5}.Ad-Hoc|iPhone.ActiveCfg = Debug|Any CPU
		{5AFE213B-BD7C-4631-9C7C-843CBB0FD9B5}.Ad-Hoc|iPhone.Build.0 = Debug|Any CPU
		{5AFE213B-BD7C-4631-9C7C-843CBB0FD9B5}.Ad-Hoc|iPhone.Deploy.0 = Debug|Any CPU
		{5AFE213B-BD7C-4631-9C7C-843CBB0FD9B5}.Ad-Hoc|iPhoneSimulator.ActiveCfg = Debug|Any CPU
		{5AFE213B-BD7C-4631-9C7C-843CBB0FD9B5}.Ad-Hoc|iPhoneSimulator.Build.0 = Debug|Any CPU
		{5AFE213B-BD7C-4631-9C7C-843CBB0FD9B5}.Ad-Hoc|iPhoneSimulator.Deploy.0 = Debug|Any CPU
		{5AFE213B-BD7C-4631-9C7C-843CBB0FD9B5}.AppStore|Any CPU.ActiveCfg = Debug|Any CPU
		{5AFE213B-BD7C-4631-9C7C-843CBB0FD9B5}.AppStore|Any CPU.Build.0 = Debug|Any CPU
		{5AFE213B-BD7C-4631-9C7C-843CBB0FD9B5}.AppStore|Any CPU.Deploy.0 = Debug|Any CPU
		{5AFE213B-BD7C-4631-9C7C-843CBB0FD9B5}.AppStore|iPhone.ActiveCfg = Debug|Any CPU
		{5AFE213B-BD7C-4631-9C7C-843CBB0FD9B5}.AppStore|iPhone.Build.0 = Debug|Any CPU
		{5AFE213B-BD7C-4631-9C7C-843CBB0FD9B5}.AppStore|iPhone.Deploy.0 = Debug|Any CPU
		{5AFE213B-BD7C-4631-9C7C-843CBB0FD9B5}.AppStore|iPhoneSimulator.ActiveCfg = Debug|Any CPU
		{5AFE213B-BD7C-4631-9C7C-843CBB0FD9B5}.AppStore|iPhoneSimulator.Build.0 = Debug|Any CPU
		{5AFE213B-BD7C-4631-9C7C-843CBB0FD9B5}.AppStore|iPhoneSimulator.Deploy.0 = Debug|Any CPU
		{5AFE213B-BD7C-4631-9C7C-843CBB0FD9B5}.Debug|Any CPU.ActiveCfg = Debug|Any CPU
		{5AFE213B-BD7C-4631-9C7C-843CBB0FD9B5}.Debug|Any CPU.Build.0 = Debug|Any CPU
		{5AFE213B-BD7C-4631-9C7C-843CBB0FD9B5}.Debug|Any CPU.Deploy.0 = Debug|Any CPU
		{5AFE213B-BD7C-4631-9C7C-843CBB0FD9B5}.Debug|iPhone.ActiveCfg = Debug|Any CPU
		{5AFE213B-BD7C-4631-9C7C-843CBB0FD9B5}.Debug|iPhone.Build.0 = Debug|Any CPU
		{5AFE213B-BD7C-4631-9C7C-843CBB0FD9B5}.Debug|iPhone.Deploy.0 = Debug|Any CPU
		{5AFE213B-BD7C-4631-9C7C-843CBB0FD9B5}.Debug|iPhoneSimulator.ActiveCfg = Debug|Any CPU
		{5AFE213B-BD7C-4631-9C7C-843CBB0FD9B5}.Debug|iPhoneSimulator.Build.0 = Debug|Any CPU
		{5AFE213B-BD7C-4631-9C7C-843CBB0FD9B5}.Debug|iPhoneSimulator.Deploy.0 = Debug|Any CPU
		{5AFE213B-BD7C-4631-9C7C-843CBB0FD9B5}.Release|Any CPU.ActiveCfg = Release|Any CPU
		{5AFE213B-BD7C-4631-9C7C-843CBB0FD9B5}.Release|Any CPU.Build.0 = Release|Any CPU
		{5AFE213B-BD7C-4631-9C7C-843CBB0FD9B5}.Release|Any CPU.Deploy.0 = Release|Any CPU
		{5AFE213B-BD7C-4631-9C7C-843CBB0FD9B5}.Release|iPhone.ActiveCfg = Release|Any CPU
		{5AFE213B-BD7C-4631-9C7C-843CBB0FD9B5}.Release|iPhone.Build.0 = Release|Any CPU
		{5AFE213B-BD7C-4631-9C7C-843CBB0FD9B5}.Release|iPhone.Deploy.0 = Release|Any CPU
		{5AFE213B-BD7C-4631-9C7C-843CBB0FD9B5}.Release|iPhoneSimulator.ActiveCfg = Release|Any CPU
		{5AFE213B-BD7C-4631-9C7C-843CBB0FD9B5}.Release|iPhoneSimulator.Build.0 = Release|Any CPU
		{5AFE213B-BD7C-4631-9C7C-843CBB0FD9B5}.Release|iPhoneSimulator.Deploy.0 = Release|Any CPU
	EndGlobalSection
	GlobalSection(SolutionProperties) = preSolution
		HideSolutionNode = FALSE
	EndGlobalSection
	GlobalSection(ExtensibilityGlobals) = postSolution
		SolutionGuid = {BCCD4A21-5AAC-49ED-B534-7C679945EC5C}
	EndGlobalSection
EndGlobal
